
Microsoft Visual Studio Solution File, Format Version 12.00
# Visual Studio Version 17
VisualStudioVersion = 17.0.31903.59
MinimumVisualStudioVersion = 10.0.40219.1
Project("{FAE04EC0-301F-11D3-BF4B-00C04F79EFBC}") = "MVC", "MVC\MVC.csproj", "{8DD91A3D-46A3-48F2-BEC6-A09F37888555}"
EndProject
Project("{FAE04EC0-301F-11D3-BF4B-00C04F79EFBC}") = "MVVM", "MVVM\MVVM.csproj", "{5F274ED7-6156-4C8F-8138-1E1710149AEC}"
EndProject
Project("{FAE04EC0-301F-11D3-BF4B-00C04F79EFBC}") = "MainWeb", "MainWeb\MainWeb.csproj", "{415D9C0E-59AB-47D9-B807-6FDA3F01B9D2}"
EndProject
Global
	GlobalSection(SolutionConfigurationPlatforms) = preSolution
		Debug|Any CPU = Debug|Any CPU
		Release|Any CPU = Release|Any CPU
	EndGlobalSection
	GlobalSection(SolutionProperties) = preSolution
		HideSolutionNode = FALSE
	EndGlobalSection
	GlobalSection(ProjectConfigurationPlatforms) = postSolution
		{8DD91A3D-46A3-48F2-BEC6-A09F37888555}.Debug|Any CPU.ActiveCfg = Debug|Any CPU
		{8DD91A3D-46A3-48F2-BEC6-A09F37888555}.Debug|Any CPU.Build.0 = Debug|Any CPU
		{8DD91A3D-46A3-48F2-BEC6-A09F37888555}.Release|Any CPU.ActiveCfg = Release|Any CPU
		{8DD91A3D-46A3-48F2-BEC6-A09F37888555}.Release|Any CPU.Build.0 = Release|Any CPU
		{5F274ED7-6156-4C8F-8138-1E1710149AEC}.Debug|Any CPU.ActiveCfg = Debug|Any CPU
		{5F274ED7-6156-4C8F-8138-1E1710149AEC}.Debug|Any CPU.Build.0 = Debug|Any CPU
		{5F274ED7-6156-4C8F-8138-1E1710149AEC}.Release|Any CPU.ActiveCfg = Release|Any CPU
		{5F274ED7-6156-4C8F-8138-1E1710149AEC}.Release|Any CPU.Build.0 = Release|Any CPU
		{415D9C0E-59AB-47D9-B807-6FDA3F01B9D2}.Debug|Any CPU.ActiveCfg = Debug|Any CPU
		{415D9C0E-59AB-47D9-B807-6FDA3F01B9D2}.Debug|Any CPU.Build.0 = Debug|Any CPU
		{415D9C0E-59AB-47D9-B807-6FDA3F01B9D2}.Release|Any CPU.ActiveCfg = Release|Any CPU
		{415D9C0E-59AB-47D9-B807-6FDA3F01B9D2}.Release|Any CPU.Build.0 = Release|Any CPU
	EndGlobalSection
EndGlobal
